
Microsoft Visual Studio Solution File, Format Version 12.00
# Visual Studio Version 16
VisualStudioVersion = 16.0.31410.357
MinimumVisualStudioVersion = 10.0.40219.1
Project("{FAE04EC0-301F-11D3-BF4B-00C04F79EFBC}") = "APIPRUEBA.API", "APIPRUEBA.API\APIPRUEBA.API.csproj", "{F6B95C8C-24F2-4FBD-856C-7886A823D1AC}"
EndProject
Project("{FAE04EC0-301F-11D3-BF4B-00C04F79EFBC}") = "APIPRUEBA.APIBIBLIOTECAS", "APIPRUEBA.APIBIBLIOTECAS\APIPRUEBA.APIBIBLIOTECAS.csproj", "{38BB0435-D666-4108-B7FD-9EC537641456}"
EndProject
Project("{FAE04EC0-301F-11D3-BF4B-00C04F79EFBC}") = "APIPRUEBA.APIBIBLIO", "APIPRUEBA.APIBIBLIO\APIPRUEBA.APIBIBLIO.csproj", "{21785301-54D1-4F9E-8011-6EF90BF76EB5}"
EndProject
Project("{FAE04EC0-301F-11D3-BF4B-00C04F79EFBC}") = "APIPRUEBA.ClienteWindows", "APIPRUEBA.ClienteWindows\APIPRUEBA.ClienteWindows.csproj", "{FDACBD4C-99FC-4A0A-9286-EE5E2AC54697}"
EndProject
Global
	GlobalSection(SolutionConfigurationPlatforms) = preSolution
		Debug|Any CPU = Debug|Any CPU
		Release|Any CPU = Release|Any CPU
	EndGlobalSection
	GlobalSection(ProjectConfigurationPlatforms) = postSolution
		{F6B95C8C-24F2-4FBD-856C-7886A823D1AC}.Debug|Any CPU.ActiveCfg = Debug|Any CPU
		{F6B95C8C-24F2-4FBD-856C-7886A823D1AC}.Debug|Any CPU.Build.0 = Debug|Any CPU
		{F6B95C8C-24F2-4FBD-856C-7886A823D1AC}.Release|Any CPU.ActiveCfg = Release|Any CPU
		{F6B95C8C-24F2-4FBD-856C-7886A823D1AC}.Release|Any CPU.Build.0 = Release|Any CPU
		{38BB0435-D666-4108-B7FD-9EC537641456}.Debug|Any CPU.ActiveCfg = Debug|Any CPU
		{38BB0435-D666-4108-B7FD-9EC537641456}.Debug|Any CPU.Build.0 = Debug|Any CPU
		{38BB0435-D666-4108-B7FD-9EC537641456}.Release|Any CPU.ActiveCfg = Release|Any CPU
		{38BB0435-D666-4108-B7FD-9EC537641456}.Release|Any CPU.Build.0 = Release|Any CPU
		{21785301-54D1-4F9E-8011-6EF90BF76EB5}.Debug|Any CPU.ActiveCfg = Debug|Any CPU
		{21785301-54D1-4F9E-8011-6EF90BF76EB5}.Debug|Any CPU.Build.0 = Debug|Any CPU
		{21785301-54D1-4F9E-8011-6EF90BF76EB5}.Release|Any CPU.ActiveCfg = Release|Any CPU
		{21785301-54D1-4F9E-8011-6EF90BF76EB5}.Release|Any CPU.Build.0 = Release|Any CPU
		{FDACBD4C-99FC-4A0A-9286-EE5E2AC54697}.Debug|Any CPU.ActiveCfg = Debug|Any CPU
		{FDACBD4C-99FC-4A0A-9286-EE5E2AC54697}.Debug|Any CPU.Build.0 = Debug|Any CPU
		{FDACBD4C-99FC-4A0A-9286-EE5E2AC54697}.Release|Any CPU.ActiveCfg = Release|Any CPU
		{FDACBD4C-99FC-4A0A-9286-EE5E2AC54697}.Release|Any CPU.Build.0 = Release|Any CPU
	EndGlobalSection
	GlobalSection(SolutionProperties) = preSolution
		HideSolutionNode = FALSE
	EndGlobalSection
	GlobalSection(ExtensibilityGlobals) = postSolution
		SolutionGuid = {9F653C99-48DE-42D6-BF6E-9AFD8F9153E7}
	EndGlobalSection
EndGlobal
